
Microsoft Visual Studio Solution File, Format Version 12.00
# Visual Studio Version 17
VisualStudioVersion = 17.5.002.0
MinimumVisualStudioVersion = 10.0.40219.1
Project("{9A19103F-16F7-4668-BE54-9A1E7A4F7556}") = "aulaEntityFramework", "aulaEntityFramework.csproj", "{002A73CF-DA18-4570-BD7A-DF61D9C7958B}"
EndProject
Global
	GlobalSection(SolutionConfigurationPlatforms) = preSolution
		Debug|Any CPU = Debug|Any CPU
		Release|Any CPU = Release|Any CPU
	EndGlobalSection
	GlobalSection(ProjectConfigurationPlatforms) = postSolution
		{002A73CF-DA18-4570-BD7A-DF61D9C7958B}.Debug|Any CPU.ActiveCfg = Debug|Any CPU
		{002A73CF-DA18-4570-BD7A-DF61D9C7958B}.Debug|Any CPU.Build.0 = Debug|Any CPU
		{002A73CF-DA18-4570-BD7A-DF61D9C7958B}.Release|Any CPU.ActiveCfg = Release|Any CPU
		{002A73CF-DA18-4570-BD7A-DF61D9C7958B}.Release|Any CPU.Build.0 = Release|Any CPU
	EndGlobalSection
	GlobalSection(SolutionProperties) = preSolution
		HideSolutionNode = FALSE
	EndGlobalSection
	GlobalSection(ExtensibilityGlobals) = postSolution
		SolutionGuid = {3FCABFEE-ECA2-4987-9437-89E9B0F27DB6}
	EndGlobalSection
EndGlobal
